<Solution>
  <Project Path="BlogAPI/BlogAPI.csproj" Id="7e0bae64-9956-4958-837b-02f960af744c" />
  <Project Path="BlogDataLibrary/BlogDataLibrary.csproj" />
  <Project Path="BlogTestUI/BlogTestUI.csproj" />
  <Project Path="NaiveBlogDB/NaiveBlogDB.sqlproj" Id="15d9bb65-bc16-4459-b366-8c1842859973">
    <Build />
    <Deploy />
  </Project>
</Solution>
